
Microsoft Visual Studio Solution File, Format Version 12.00
# Visual Studio Version 17
VisualStudioVersion = 17.3.32901.215
MinimumVisualStudioVersion = 10.0.40219.1
Project("{FAE04EC0-301F-11D3-BF4B-00C04F79EFBC}") = "Exe3_Thariq Azhar_055", "Exe3_Thariq Azhar_055\Exe3_Thariq Azhar_055.csproj", "{D640F472-E8F5-41C7-8FBF-7028AF349939}"
EndProject
Global
	GlobalSection(SolutionConfigurationPlatforms) = preSolution
		Debug|Any CPU = Debug|Any CPU
		Release|Any CPU = Release|Any CPU
	EndGlobalSection
	GlobalSection(ProjectConfigurationPlatforms) = postSolution
		{D640F472-E8F5-41C7-8FBF-7028AF349939}.Debug|Any CPU.ActiveCfg = Debug|Any CPU
		{D640F472-E8F5-41C7-8FBF-7028AF349939}.Debug|Any CPU.Build.0 = Debug|Any CPU
		{D640F472-E8F5-41C7-8FBF-7028AF349939}.Release|Any CPU.ActiveCfg = Release|Any CPU
		{D640F472-E8F5-41C7-8FBF-7028AF349939}.Release|Any CPU.Build.0 = Release|Any CPU
	EndGlobalSection
	GlobalSection(SolutionProperties) = preSolution
		HideSolutionNode = FALSE
	EndGlobalSection
	GlobalSection(ExtensibilityGlobals) = postSolution
		SolutionGuid = {27AC4CB5-7847-42AE-81CF-9AFEAC23E4B9}
	EndGlobalSection
EndGlobal
